
Microsoft Visual Studio Solution File, Format Version 12.00
# Visual Studio Version 17
VisualStudioVersion = 17.13.35806.99
MinimumVisualStudioVersion = 10.0.40219.1
Project("{FAE04EC0-301F-11D3-BF4B-00C04F79EFBC}") = "RestaurantManagementSystem.App", "App\RestaurantManagementSystem.App\RestaurantManagementSystem.App.csproj", "{3D18887E-86A8-4A1C-83F2-65936F01AD23}"
EndProject
Project("{FAE04EC0-301F-11D3-BF4B-00C04F79EFBC}") = "RestaurantManagementSystem.Backend", "Backend\RestaurantManagementSystem.Backend\RestaurantManagementSystem.Backend.csproj", "{9716F1AA-44A9-4E5F-B464-5CA0C20E451E}"
EndProject
Project("{FAE04EC0-301F-11D3-BF4B-00C04F79EFBC}") = "RestaurantManagementSystem.DataAccess", "DataAccess\RestaurantManagementSystem.DataAccess\RestaurantManagementSystem.DataAccess.csproj", "{1EF7786D-0CB8-43A7-A97F-A11F2DA58A07}"
EndProject
Project("{FAE04EC0-301F-11D3-BF4B-00C04F79EFBC}") = "RestaurantManagementSystem.Common", "Common\RestaurantManagementSystem.Common\RestaurantManagementSystem.Common.csproj", "{4A428C74-2830-4698-AD6F-0641C1845F01}"
EndProject
Project("{FAE04EC0-301F-11D3-BF4B-00C04F79EFBC}") = "RestaurantManagementSystem.Tests", "Tests\RestaurantManagementSystem.Tests\RestaurantManagementSystem.Tests.csproj", "{DFD43204-B489-4596-A792-56106104AF08}"
EndProject
Global
	GlobalSection(SolutionConfigurationPlatforms) = preSolution
		Debug|Any CPU = Debug|Any CPU
		Release|Any CPU = Release|Any CPU
	EndGlobalSection
	GlobalSection(ProjectConfigurationPlatforms) = postSolution
		{3D18887E-86A8-4A1C-83F2-65936F01AD23}.Debug|Any CPU.ActiveCfg = Debug|Any CPU
		{3D18887E-86A8-4A1C-83F2-65936F01AD23}.Debug|Any CPU.Build.0 = Debug|Any CPU
		{3D18887E-86A8-4A1C-83F2-65936F01AD23}.Release|Any CPU.ActiveCfg = Release|Any CPU
		{3D18887E-86A8-4A1C-83F2-65936F01AD23}.Release|Any CPU.Build.0 = Release|Any CPU
		{9716F1AA-44A9-4E5F-B464-5CA0C20E451E}.Debug|Any CPU.ActiveCfg = Debug|Any CPU
		{9716F1AA-44A9-4E5F-B464-5CA0C20E451E}.Debug|Any CPU.Build.0 = Debug|Any CPU
		{9716F1AA-44A9-4E5F-B464-5CA0C20E451E}.Release|Any CPU.ActiveCfg = Release|Any CPU
		{9716F1AA-44A9-4E5F-B464-5CA0C20E451E}.Release|Any CPU.Build.0 = Release|Any CPU
		{1EF7786D-0CB8-43A7-A97F-A11F2DA58A07}.Debug|Any CPU.ActiveCfg = Debug|Any CPU
		{1EF7786D-0CB8-43A7-A97F-A11F2DA58A07}.Debug|Any CPU.Build.0 = Debug|Any CPU
		{1EF7786D-0CB8-43A7-A97F-A11F2DA58A07}.Release|Any CPU.ActiveCfg = Release|Any CPU
		{1EF7786D-0CB8-43A7-A97F-A11F2DA58A07}.Release|Any CPU.Build.0 = Release|Any CPU
		{4A428C74-2830-4698-AD6F-0641C1845F01}.Debug|Any CPU.ActiveCfg = Debug|Any CPU
		{4A428C74-2830-4698-AD6F-0641C1845F01}.Debug|Any CPU.Build.0 = Debug|Any CPU
		{4A428C74-2830-4698-AD6F-0641C1845F01}.Release|Any CPU.ActiveCfg = Release|Any CPU
		{4A428C74-2830-4698-AD6F-0641C1845F01}.Release|Any CPU.Build.0 = Release|Any CPU
		{DFD43204-B489-4596-A792-56106104AF08}.Debug|Any CPU.ActiveCfg = Debug|Any CPU
		{DFD43204-B489-4596-A792-56106104AF08}.Debug|Any CPU.Build.0 = Debug|Any CPU
		{DFD43204-B489-4596-A792-56106104AF08}.Release|Any CPU.ActiveCfg = Release|Any CPU
		{DFD43204-B489-4596-A792-56106104AF08}.Release|Any CPU.Build.0 = Release|Any CPU
	EndGlobalSection
	GlobalSection(SolutionProperties) = preSolution
		HideSolutionNode = FALSE
	EndGlobalSection
	GlobalSection(ExtensibilityGlobals) = postSolution
		SolutionGuid = {E7E30F84-C418-4B66-B0DB-9872B5459E12}
	EndGlobalSection
EndGlobal
